// !$*UTF8*$!
{
	archiveVersion = 1;
	classes = {
	};
	objectVersion = 46;
	objects = {

/* Begin PBXBuildFile section */
		CD0C08D51A2E425E00145508 /* AppDelegate.swift in Sources */ = {isa = PBXBuildFile; fileRef = CD0C08D41A2E425E00145508 /* AppDelegate.swift */; };
		CD0C08D71A2E425E00145508 /* FirstViewController.swift in Sources */ = {isa = PBXBuildFile; fileRef = CD0C08D61A2E425E00145508 /* FirstViewController.swift */; };
		CD0C08D91A2E425F00145508 /* SecondViewController.swift in Sources */ = {isa = PBXBuildFile; fileRef = CD0C08D81A2E425F00145508 /* SecondViewController.swift */; };
		CD0C08DC1A2E425F00145508 /* Main.storyboard in Resources */ = {isa = PBXBuildFile; fileRef = CD0C08DA1A2E425F00145508 /* Main.storyboard */; };
		CD0C08DE1A2E425F00145508 /* Images.xcassets in Resources */ = {isa = PBXBuildFile; fileRef = CD0C08DD1A2E425F00145508 /* Images.xcassets */; };
		CD0C08E11A2E425F00145508 /* LaunchScreen.xib in Resources */ = {isa = PBXBuildFile; fileRef = CD0C08DF1A2E425F00145508 /* LaunchScreen.xib */; };
		CD0C08ED1A2E425F00145508 /* GetHomeTests.swift in Sources */ = {isa = PBXBuildFile; fileRef = CD0C08EC1A2E425F00145508 /* GetHomeTests.swift */; };
/* End PBXBuildFile section */

/* Begin PBXContainerItemProxy section */
		CD0C08E71A2E425F00145508 /* PBXContainerItemProxy */ = {
			isa = PBXContainerItemProxy;
			containerPortal = CD0C08C71A2E425E00145508 /* Project object */;
			proxyType = 1;
			remoteGlobalIDString = CD0C08CE1A2E425E00145508;
			remoteInfo = GetHome;
		};
/* End PBXContainerItemProxy section */

/* Begin PBXFileReference section */
		CD0C08CF1A2E425E00145508 /* GetHome.app */ = {isa = PBXFileReference; explicitFileType = wrapper.application; includeInIndex = 0; path = GetHome.app; sourceTree = BUILT_PRODUCTS_DIR; };
		CD0C08D31A2E425E00145508 /* Info.plist */ = {isa = PBXFileReference; lastKnownFileType = text.plist.xml; path = Info.plist; sourceTree = "<group>"; };
		CD0C08D41A2E425E00145508 /* AppDelegate.swift */ = {isa = PBXFileReference; lastKnownFileType = sourcecode.swift; path = AppDelegate.swift; sourceTree = "<group>"; };
		CD0C08D61A2E425E00145508 /* FirstViewController.swift */ = {isa = PBXFileReference; lastKnownFileType = sourcecode.swift; path = FirstViewController.swift; sourceTree = "<group>"; };
		CD0C08D81A2E425F00145508 /* SecondViewController.swift */ = {isa = PBXFileReference; lastKnownFileType = sourcecode.swift; path = SecondViewController.swift; sourceTree = "<group>"; };
		CD0C08DB1A2E425F00145508 /* Base */ = {isa = PBXFileReference; lastKnownFileType = file.storyboard; name = Base; path = Base.lproj/Main.storyboard; sourceTree = "<group>"; };
		CD0C08DD1A2E425F00145508 /* Images.xcassets */ = {isa = PBXFileReference; lastKnownFileType = folder.assetcatalog; path = Images.xcassets; sourceTree = "<group>"; };
		CD0C08E01A2E425F00145508 /* Base */ = {isa = PBXFileReference; lastKnownFileType = file.xib; name = Base; path = Base.lproj/LaunchScreen.xib; sourceTree = "<group>"; };
		CD0C08E61A2E425F00145508 /* GetHomeTests.xctest */ = {isa = PBXFileReference; explicitFileType = wrapper.cfbundle; includeInIndex = 0; path = GetHomeTests.xctest; sourceTree = BUILT_PRODUCTS_DIR; };
		CD0C08EB1A2E425F00145508 /* Info.plist */ = {isa = PBXFileReference; lastKnownFileType = text.plist.xml; path = Info.plist; sourceTree = "<group>"; };
		CD0C08EC1A2E425F00145508 /* GetHomeTests.swift */ = {isa = PBXFileReference; lastKnownFileType = sourcecode.swift; path = GetHomeTests.swift; sourceTree = "<group>"; };
/* End PBXFileReference section */

/* Begin PBXFrameworksBuildPhase section */
		CD0C08CC1A2E425E00145508 /* Frameworks */ = {
			isa = PBXFrameworksBuildPhase;
			buildActionMask = 2147483647;
			files = (
			);
			runOnlyForDeploymentPostprocessing = 0;
		};
		CD0C08E31A2E425F00145508 /* Frameworks */ = {
			isa = PBXFrameworksBuildPhase;
			buildActionMask = 2147483647;
			files = (
			);
			runOnlyForDeploymentPostprocessing = 0;
		};
/* End PBXFrameworksBuildPhase section */

/* Begin PBXGroup section */
		CD0C08C61A2E425E00145508 = {
			isa = PBXGroup;
			children = (
				CD0C08D11A2E425E00145508 /* GetHome */,
				CD0C08E91A2E425F00145508 /* GetHomeTests */,
				CD0C08D01A2E425E00145508 /* Products */,
			);
			sourceTree = "<group>";
		};
		CD0C08D01A2E425E00145508 /* Products */ = {
			isa = PBXGroup;
			children = (
				CD0C08CF1A2E425E00145508 /* GetHome.app */,
				CD0C08E61A2E425F00145508 /* GetHomeTests.xctest */,
			);
			name = Products;
			sourceTree = "<group>";
		};
		CD0C08D11A2E425E00145508 /* GetHome */ = {
			isa = PBXGroup;
			children = (
				CD0C08D41A2E425E00145508 /* AppDelegate.swift */,
				CD0C08D61A2E425E00145508 /* FirstViewController.swift */,
				CD0C08D81A2E425F00145508 /* SecondViewController.swift */,
				CD0C08DA1A2E425F00145508 /* Main.storyboard */,
				CD0C08DD1A2E425F00145508 /* Images.xcassets */,
				CD0C08DF1A2E425F00145508 /* LaunchScreen.xib */,
				CD0C08D21A2E425E00145508 /* Supporting Files */,
			);
			path = GetHome;
			sourceTree = "<group>";
		};
		CD0C08D21A2E425E00145508 /* Supporting Files */ = {
			isa = PBXGroup;
			children = (
				CD0C08D31A2E425E00145508 /* Info.plist */,
			);
			name = "Supporting Files";
			sourceTree = "<group>";
		};
		CD0C08E91A2E425F00145508 /* GetHomeTests */ = {
			isa = PBXGroup;
			children = (
				CD0C08EC1A2E425F00145508 /* GetHomeTests.swift */,
				CD0C08EA1A2E425F00145508 /* Supporting Files */,
			);
			path = GetHomeTests;
			sourceTree = "<group>";
		};
		CD0C08EA1A2E425F00145508 /* Supporting Files */ = {
			isa = PBXGroup;
			children = (
				CD0C08EB1A2E425F00145508 /* Info.plist */,
			);
			name = "Supporting Files";
			sourceTree = "<group>";
		};
/* End PBXGroup section */

/* Begin PBXNativeTarget section */
		CD0C08CE1A2E425E00145508 /* GetHome */ = {
			isa = PBXNativeTarget;
			buildConfigurationList = CD0C08F01A2E425F00145508 /* Build configuration list for PBXNativeTarget "GetHome" */;
			buildPhases = (
				CD0C08CB1A2E425E00145508 /* Sources */,
				CD0C08CC1A2E425E00145508 /* Frameworks */,
				CD0C08CD1A2E425E00145508 /* Resources */,
			);
			buildRules = (
			);
			dependencies = (
			);
			name = GetHome;
			productName = GetHome;
			productReference = CD0C08CF1A2E425E00145508 /* GetHome.app */;
			productType = "com.apple.product-type.application";
		};
		CD0C08E51A2E425F00145508 /* GetHomeTests */ = {
			isa = PBXNativeTarget;
			buildConfigurationList = CD0C08F31A2E425F00145508 /* Build configuration list for PBXNativeTarget "GetHomeTests" */;
			buildPhases = (
				CD0C08E21A2E425F00145508 /* Sources */,
				CD0C08E31A2E425F00145508 /* Frameworks */,
				CD0C08E41A2E425F00145508 /* Resources */,
			);
			buildRules = (
			);
			dependencies = (
				CD0C08E81A2E425F00145508 /* PBXTargetDependency */,
			);
			name = GetHomeTests;
			productName = GetHomeTests;
			productReference = CD0C08E61A2E425F00145508 /* GetHomeTests.xctest */;
			productType = "com.apple.product-type.bundle.unit-test";
		};
/* End PBXNativeTarget section */

/* Begin PBXProject section */
		CD0C08C71A2E425E00145508 /* Project object */ = {
			isa = PBXProject;
			attributes = {
				LastUpgradeCheck = 0610;
				ORGANIZATIONNAME = "Patrick Triest";
				TargetAttributes = {
					CD0C08CE1A2E425E00145508 = {
						CreatedOnToolsVersion = 6.1;
					};
					CD0C08E51A2E425F00145508 = {
						CreatedOnToolsVersion = 6.1;
						TestTargetID = CD0C08CE1A2E425E00145508;
					};
				};
			};
			buildConfigurationList = CD0C08CA1A2E425E00145508 /* Build configuration list for PBXProject "GetHome" */;
			compatibilityVersion = "Xcode 3.2";
			developmentRegion = English;
			hasScannedForEncodings = 0;
			knownRegions = (
				en,
				Base,
			);
			mainGroup = CD0C08C61A2E425E00145508;
			productRefGroup = CD0C08D01A2E425E00145508 /* Products */;
			projectDirPath = "";
			projectRoot = "";
			targets = (
				CD0C08CE1A2E425E00145508 /* GetHome */,
				CD0C08E51A2E425F00145508 /* GetHomeTests */,
			);
		};
/* End PBXProject section */

/* Begin PBXResourcesBuildPhase section */
		CD0C08CD1A2E425E00145508 /* Resources */ = {
			isa = PBXResourcesBuildPhase;
			buildActionMask = 2147483647;
			files = (
				CD0C08DC1A2E425F00145508 /* Main.storyboard in Resources */,
				CD0C08E11A2E425F00145508 /* LaunchScreen.xib in Resources */,
				CD0C08DE1A2E425F00145508 /* Images.xcassets in Resources */,
			);
			runOnlyForDeploymentPostprocessing = 0;
		};
		CD0C08E41A2E425F00145508 /* Resources */ = {
			isa = PBXResourcesBuildPhase;
			buildActionMask = 2147483647;
			files = (
			);
			runOnlyForDeploymentPostprocessing = 0;
		};
/* End PBXResourcesBuildPhase section */

/* Begin PBXSourcesBuildPhase section */
		CD0C08CB1A2E425E00145508 /* Sources */ = {
			isa = PBXSourcesBuildPhase;
			buildActionMask = 2147483647;
			files = (
				CD0C08D91A2E425F00145508 /* SecondViewController.swift in Sources */,
				CD0C08D51A2E425E00145508 /* AppDelegate.swift in Sources */,
				CD0C08D71A2E425E00145508 /* FirstViewController.swift in Sources */,
			);
			runOnlyForDeploymentPostprocessing = 0;
		};
		CD0C08E21A2E425F00145508 /* Sources */ = {
			isa = PBXSourcesBuildPhase;
			buildActionMask = 2147483647;
			files = (
				CD0C08ED1A2E425F00145508 /* GetHomeTests.swift in Sources */,
			);
			runOnlyForDeploymentPostprocessing = 0;
		};
/* End PBXSourcesBuildPhase section */

/* Begin PBXTargetDependency section */
		CD0C08E81A2E425F00145508 /* PBXTargetDependency */ = {
			isa = PBXTargetDependency;
			target = CD0C08CE1A2E425E00145508 /* GetHome */;
			targetProxy = CD0C08E71A2E425F00145508 /* PBXContainerItemProxy */;
		};
/* End PBXTargetDependency section */

/* Begin PBXVariantGroup section */
		CD0C08DA1A2E425F00145508 /* Main.storyboard */ = {
			isa = PBXVariantGroup;
			children = (
				CD0C08DB1A2E425F00145508 /* Base */,
			);
			name = Main.storyboard;
			sourceTree = "<group>";
		};
		CD0C08DF1A2E425F00145508 /* LaunchScreen.xib */ = {
			isa = PBXVariantGroup;
			children = (
				CD0C08E01A2E425F00145508 /* Base */,
			);
			name = LaunchScreen.xib;
			sourceTree = "<group>";
		};
/* End PBXVariantGroup section */

/* Begin XCBuildConfiguration section */
		CD0C08EE1A2E425F00145508 /* Debug */ = {
			isa = XCBuildConfiguration;
			buildSettings = {
				ALWAYS_SEARCH_USER_PATHS = NO;
				CLANG_CXX_LANGUAGE_STANDARD = "gnu++0x";
				CLANG_CXX_LIBRARY = "libc++";
				CLANG_ENABLE_MODULES = YES;
				CLANG_ENABLE_OBJC_ARC = YES;
				CLANG_WARN_BOOL_CONVERSION = YES;
				CLANG_WARN_CONSTANT_CONVERSION = YES;
				CLANG_WARN_DIRECT_OBJC_ISA_USAGE = YES_ERROR;
				CLANG_WARN_EMPTY_BODY = YES;
				CLANG_WARN_ENUM_CONVERSION = YES;
				CLANG_WARN_INT_CONVERSION = YES;
				CLANG_WARN_OBJC_ROOT_CLASS = YES_ERROR;
				CLANG_WARN_UNREACHABLE_CODE = YES;
				CLANG_WARN__DUPLICATE_METHOD_MATCH = YES;
				"CODE_SIGN_IDENTITY[sdk=iphoneos*]" = "iPhone Developer";
				COPY_PHASE_STRIP = NO;
				ENABLE_STRICT_OBJC_MSGSEND = YES;
				GCC_C_LANGUAGE_STANDARD = gnu99;
				GCC_DYNAMIC_NO_PIC = NO;
				GCC_OPTIMIZATION_LEVEL = 0;
				GCC_PREPROCESSOR_DEFINITIONS = (
					"DEBUG=1",
					"$(inherited)",
				);
				GCC_SYMBOLS_PRIVATE_EXTERN = NO;
				GCC_WARN_64_TO_32_BIT_CONVERSION = YES;
				GCC_WARN_ABOUT_RETURN_TYPE = YES_ERROR;
				GCC_WARN_UNDECLARED_SELECTOR = YES;
				GCC_WARN_UNINITIALIZED_AUTOS = YES_AGGRESSIVE;
				GCC_WARN_UNUSED_FUNCTION = YES;
				GCC_WARN_UNUSED_VARIABLE = YES;
				IPHONEOS_DEPLOYMENT_TARGET = 8.1;
				MTL_ENABLE_DEBUG_INFO = YES;
				ONLY_ACTIVE_ARCH = YES;
				SDKROOT = iphoneos;
				SWIFT_OPTIMIZATION_LEVEL = "-Onone";
				TARGETED_DEVICE_FAMILY = "1,2";
			};
			name = Debug;
		};
		CD0C08EF1A2E425F00145508 /* Release */ = {
			isa = XCBuildConfiguration;
			buildSettings = {
				ALWAYS_SEARCH_USER_PATHS = NO;
				CLANG_CXX_LANGUAGE_STANDARD = "gnu++0x";
				CLANG_CXX_LIBRARY = "libc++";
				CLANG_ENABLE_MODULES = YES;
				CLANG_ENABLE_OBJC_ARC = YES;
				CLANG_WARN_BOOL_CONVERSION = YES;
				CLANG_WARN_CONSTANT_CONVERSION = YES;
				CLANG_WARN_DIRECT_OBJC_ISA_USAGE = YES_ERROR;
				CLANG_WARN_EMPTY_BODY = YES;
				CLANG_WARN_ENUM_CONVERSION = YES;
				CLANG_WARN_INT_CONVERSION = YES;
				CLANG_WARN_OBJC_ROOT_CLASS = YES_ERROR;
				CLANG_WARN_UNREACHABLE_CODE = YES;
				CLANG_WARN__DUPLICATE_METHOD_MATCH = YES;
				"CODE_SIGN_IDENTITY[sdk=iphoneos*]" = "iPhone Developer";
				COPY_PHASE_STRIP = YES;
				ENABLE_NS_ASSERTIONS = NO;
				ENABLE_STRICT_OBJC_MSGSEND = YES;
				GCC_C_LANGUAGE_STANDARD = gnu99;
				GCC_WARN_64_TO_32_BIT_CONVERSION = YES;
				GCC_WARN_ABOUT_RETURN_TYPE = YES_ERROR;
				GCC_WARN_UNDECLARED_SELECTOR = YES;
				GCC_WARN_UNINITIALIZED_AUTOS = YES_AGGRESSIVE;
				GCC_WARN_UNUSED_FUNCTION = YES;
				GCC_WARN_UNUSED_VARIABLE = YES;
				IPHONEOS_DEPLOYMENT_TARGET = 8.1;
				MTL_ENABLE_DEBUG_INFO = NO;
				SDKROOT = iphoneos;
				TARGETED_DEVICE_FAMILY = "1,2";
				VALIDATE_PRODUCT = YES;
			};
			name = Release;
		};
		CD0C08F11A2E425F00145508 /* Debug */ = {
			isa = XCBuildConfiguration;
			buildSettings = {
				ASSETCATALOG_COMPILER_APPICON_NAME = AppIcon;
				INFOPLIST_FILE = GetHome/Info.plist;
				LD_RUNPATH_SEARCH_PATHS = "$(inherited) @executable_path/Frameworks";
				PRODUCT_NAME = "$(TARGET_NAME)";
			};
			name = Debug;
		};
		CD0C08F21A2E425F00145508 /* Release */ = {
			isa = XCBuildConfiguration;
			buildSettings = {
				ASSETCATALOG_COMPILER_APPICON_NAME = AppIcon;
				INFOPLIST_FILE = GetHome/Info.plist;
				LD_RUNPATH_SEARCH_PATHS = "$(inherited) @executable_path/Frameworks";
				PRODUCT_NAME = "$(TARGET_NAME)";
			};
			name = Release;
		};
		CD0C08F41A2E425F00145508 /* Debug */ = {
			isa = XCBuildConfiguration;
			buildSettings = {
				BUNDLE_LOADER = "$(TEST_HOST)";
				FRAMEWORK_SEARCH_PATHS = (
					"$(SDKROOT)/Developer/Library/Frameworks",
					"$(inherited)",
				);
				GCC_PREPROCESSOR_DEFINITIONS = (
					"DEBUG=1",
					"$(inherited)",
				);
				INFOPLIST_FILE = GetHomeTests/Info.plist;
				LD_RUNPATH_SEARCH_PATHS = "$(inherited) @executable_path/Frameworks @loader_path/Frameworks";
				PRODUCT_NAME = "$(TARGET_NAME)";
				TEST_HOST = "$(BUILT_PRODUCTS_DIR)/GetHome.app/GetHome";
			};
			name = Debug;
		};
		CD0C08F51A2E425F00145508 /* Release */ = {
			isa = XCBuildConfiguration;
			buildSettings = {
				BUNDLE_LOADER = "$(TEST_HOST)";
				FRAMEWORK_SEARCH_PATHS = (
					"$(SDKROOT)/Developer/Library/Frameworks",
					"$(inherited)",
				);
				INFOPLIST_FILE = GetHomeTests/Info.plist;
				LD_RUNPATH_SEARCH_PATHS = "$(inherited) @executable_path/Frameworks @loader_path/Frameworks";
				PRODUCT_NAME = "$(TARGET_NAME)";
				TEST_HOST = "$(BUILT_PRODUCTS_DIR)/GetHome.app/GetHome";
			};
			name = Release;
		};
/* End XCBuildConfiguration section */

/* Begin XCConfigurationList section */
		CD0C08CA1A2E425E00145508 /* Build configuration list for PBXProject "GetHome" */ = {
			isa = XCConfigurationList;
			buildConfigurations = (
				CD0C08EE1A2E425F00145508 /* Debug */,
				CD0C08EF1A2E425F00145508 /* Release */,
			);
			defaultConfigurationIsVisible = 0;
			defaultConfigurationName = Release;
		};
		CD0C08F01A2E425F00145508 /* Build configuration list for PBXNativeTarget "GetHome" */ = {
			isa = XCConfigurationList;
			buildConfigurations = (
				CD0C08F11A2E425F00145508 /* Debug */,
				CD0C08F21A2E425F00145508 /* Release */,
			);
			defaultConfigurationIsVisible = 0;
		};
		CD0C08F31A2E425F00145508 /* Build configuration list for PBXNativeTarget "GetHomeTests" */ = {
			isa = XCConfigurationList;
			buildConfigurations = (
				CD0C08F41A2E425F00145508 /* Debug */,
				CD0C08F51A2E425F00145508 /* Release */,
			);
			defaultConfigurationIsVisible = 0;
		};
/* End XCConfigurationList section */
	};
	rootObject = CD0C08C71A2E425E00145508 /* Project object */;
}
