// !$*UTF8*$!
{
	archiveVersion = 1;
	classes = {
	};
	objectVersion = 46;
	objects = {

/* Begin PBXBuildFile section */
		CD0C08D51A2E425E00145508 /* AppDelegate.swift in Sources */ = {isa = PBXBuildFile; fileRef = CD0C08D41A2E425E00145508 /* AppDelegate.swift */; };
		CD0C08D71A2E425E00145508 /* MapViewController.swift in Sources */ = {isa = PBXBuildFile; fileRef = CD0C08D61A2E425E00145508 /* MapViewController.swift */; };
		CD0C08D91A2E425F00145508 /* DirectionsTableViewController.swift in Sources */ = {isa = PBXBuildFile; fileRef = CD0C08D81A2E425F00145508 /* DirectionsTableViewController.swift */; };
		CD0C08DC1A2E425F00145508 /* Main.storyboard in Resources */ = {isa = PBXBuildFile; fileRef = CD0C08DA1A2E425F00145508 /* Main.storyboard */; };
		CD0C08E11A2E425F00145508 /* LaunchScreen.xib in Resources */ = {isa = PBXBuildFile; fileRef = CD0C08DF1A2E425F00145508 /* LaunchScreen.xib */; };
		CD0C08ED1A2E425F00145508 /* GetHomeTests.swift in Sources */ = {isa = PBXBuildFile; fileRef = CD0C08EC1A2E425F00145508 /* GetHomeTests.swift */; };
		CD0C08F71A2E445C00145508 /* MapKit.framework in Frameworks */ = {isa = PBXBuildFile; fileRef = CD0C08F61A2E445C00145508 /* MapKit.framework */; };
		CD0C08F91A2E470200145508 /* LocationHelper.swift in Sources */ = {isa = PBXBuildFile; fileRef = CD0C08F81A2E470200145508 /* LocationHelper.swift */; };
		CD4652441A305B8200F4349E /* DirectionsManager.swift in Sources */ = {isa = PBXBuildFile; fileRef = CD4652431A305B8200F4349E /* DirectionsManager.swift */; };
		CD78CC8F1A38B7F10055C98E /* Images.xcassets in Resources */ = {isa = PBXBuildFile; fileRef = CD78CC8E1A38B7F00055C98E /* Images.xcassets */; };
		CD96A6321A3E217F0008539D /* StepMapViewController.swift in Sources */ = {isa = PBXBuildFile; fileRef = CD96A6311A3E217F0008539D /* StepMapViewController.swift */; };
		DE96B3FBA93413E100A2F1D4 /* libPods.a in Frameworks */ = {isa = PBXBuildFile; fileRef = A5E7269555F66FB29431E06B /* libPods.a */; };
/* End PBXBuildFile section */

/* Begin PBXContainerItemProxy section */
		CD0C08E71A2E425F00145508 /* PBXContainerItemProxy */ = {
			isa = PBXContainerItemProxy;
			containerPortal = CD0C08C71A2E425E00145508 /* Project object */;
			proxyType = 1;
			remoteGlobalIDString = CD0C08CE1A2E425E00145508;
			remoteInfo = GetHome;
		};
/* End PBXContainerItemProxy section */

/* Begin PBXFileReference section */
		33C12674466BB6A6CEE015C8 /* Pods.release.xcconfig */ = {isa = PBXFileReference; includeInIndex = 1; lastKnownFileType = text.xcconfig; name = Pods.release.xcconfig; path = "Pods/Target Support Files/Pods/Pods.release.xcconfig"; sourceTree = "<group>"; };
		A5E7269555F66FB29431E06B /* libPods.a */ = {isa = PBXFileReference; explicitFileType = archive.ar; includeInIndex = 0; path = libPods.a; sourceTree = BUILT_PRODUCTS_DIR; };
		CD0C08CF1A2E425E00145508 /* GetHome.app */ = {isa = PBXFileReference; explicitFileType = wrapper.application; includeInIndex = 0; path = GetHome.app; sourceTree = BUILT_PRODUCTS_DIR; };
		CD0C08D31A2E425E00145508 /* Info.plist */ = {isa = PBXFileReference; lastKnownFileType = text.plist.xml; path = Info.plist; sourceTree = "<group>"; };
		CD0C08D41A2E425E00145508 /* AppDelegate.swift */ = {isa = PBXFileReference; lastKnownFileType = sourcecode.swift; path = AppDelegate.swift; sourceTree = "<group>"; };
		CD0C08D61A2E425E00145508 /* MapViewController.swift */ = {isa = PBXFileReference; lastKnownFileType = sourcecode.swift; path = MapViewController.swift; sourceTree = "<group>"; };
		CD0C08D81A2E425F00145508 /* DirectionsTableViewController.swift */ = {isa = PBXFileReference; lastKnownFileType = sourcecode.swift; path = DirectionsTableViewController.swift; sourceTree = "<group>"; };
		CD0C08DB1A2E425F00145508 /* Base */ = {isa = PBXFileReference; lastKnownFileType = file.storyboard; name = Base; path = Base.lproj/Main.storyboard; sourceTree = "<group>"; };
		CD0C08E01A2E425F00145508 /* Base */ = {isa = PBXFileReference; lastKnownFileType = file.xib; name = Base; path = Base.lproj/LaunchScreen.xib; sourceTree = "<group>"; };
		CD0C08E61A2E425F00145508 /* GetHomeTests.xctest */ = {isa = PBXFileReference; explicitFileType = wrapper.cfbundle; includeInIndex = 0; path = GetHomeTests.xctest; sourceTree = BUILT_PRODUCTS_DIR; };
		CD0C08EB1A2E425F00145508 /* Info.plist */ = {isa = PBXFileReference; lastKnownFileType = text.plist.xml; path = Info.plist; sourceTree = "<group>"; };
		CD0C08EC1A2E425F00145508 /* GetHomeTests.swift */ = {isa = PBXFileReference; lastKnownFileType = sourcecode.swift; path = GetHomeTests.swift; sourceTree = "<group>"; };
		CD0C08F61A2E445C00145508 /* MapKit.framework */ = {isa = PBXFileReference; lastKnownFileType = wrapper.framework; name = MapKit.framework; path = System/Library/Frameworks/MapKit.framework; sourceTree = SDKROOT; };
		CD0C08F81A2E470200145508 /* LocationHelper.swift */ = {isa = PBXFileReference; fileEncoding = 4; lastKnownFileType = sourcecode.swift; path = LocationHelper.swift; sourceTree = "<group>"; };
		CD4652431A305B8200F4349E /* DirectionsManager.swift */ = {isa = PBXFileReference; fileEncoding = 4; lastKnownFileType = sourcecode.swift; path = DirectionsManager.swift; sourceTree = "<group>"; };
		CD78CC8D1A38B3400055C98E /* GetHome-Bridging-Header.h */ = {isa = PBXFileReference; lastKnownFileType = sourcecode.c.h; path = "GetHome-Bridging-Header.h"; sourceTree = "<group>"; };
		CD78CC8E1A38B7F00055C98E /* Images.xcassets */ = {isa = PBXFileReference; lastKnownFileType = folder.assetcatalog; path = Images.xcassets; sourceTree = "<group>"; };
		CD96A6311A3E217F0008539D /* StepMapViewController.swift */ = {isa = PBXFileReference; fileEncoding = 4; lastKnownFileType = sourcecode.swift; path = StepMapViewController.swift; sourceTree = "<group>"; };
		D061F1FF6C8B29C494E7A0D9 /* Pods.debug.xcconfig */ = {isa = PBXFileReference; includeInIndex = 1; lastKnownFileType = text.xcconfig; name = Pods.debug.xcconfig; path = "Pods/Target Support Files/Pods/Pods.debug.xcconfig"; sourceTree = "<group>"; };
/* End PBXFileReference section */

/* Begin PBXFrameworksBuildPhase section */
		CD0C08CC1A2E425E00145508 /* Frameworks */ = {
			isa = PBXFrameworksBuildPhase;
			buildActionMask = 2147483647;
			files = (
				CD0C08F71A2E445C00145508 /* MapKit.framework in Frameworks */,
				DE96B3FBA93413E100A2F1D4 /* libPods.a in Frameworks */,
			);
			runOnlyForDeploymentPostprocessing = 0;
		};
		CD0C08E31A2E425F00145508 /* Frameworks */ = {
			isa = PBXFrameworksBuildPhase;
			buildActionMask = 2147483647;
			files = (
			);
			runOnlyForDeploymentPostprocessing = 0;
		};
/* End PBXFrameworksBuildPhase section */

/* Begin PBXGroup section */
		A2F1C887424EABFCFDF57F17 /* Pods */ = {
			isa = PBXGroup;
			children = (
				D061F1FF6C8B29C494E7A0D9 /* Pods.debug.xcconfig */,
				33C12674466BB6A6CEE015C8 /* Pods.release.xcconfig */,
			);
			name = Pods;
			sourceTree = "<group>";
		};
		CD0C08C61A2E425E00145508 = {
			isa = PBXGroup;
			children = (
				CD0C08F61A2E445C00145508 /* MapKit.framework */,
				CD0C08D11A2E425E00145508 /* GetHome */,
				CD0C08E91A2E425F00145508 /* GetHomeTests */,
				CD0C08D01A2E425E00145508 /* Products */,
				A2F1C887424EABFCFDF57F17 /* Pods */,
				EAD1AB0056F1F5F13266E3BD /* Frameworks */,
			);
			sourceTree = "<group>";
		};
		CD0C08D01A2E425E00145508 /* Products */ = {
			isa = PBXGroup;
			children = (
				CD0C08CF1A2E425E00145508 /* GetHome.app */,
				CD0C08E61A2E425F00145508 /* GetHomeTests.xctest */,
			);
			name = Products;
			sourceTree = "<group>";
		};
		CD0C08D11A2E425E00145508 /* GetHome */ = {
			isa = PBXGroup;
			children = (
				CD0C08D41A2E425E00145508 /* AppDelegate.swift */,
				CD0C08D61A2E425E00145508 /* MapViewController.swift */,
				CD0C08D81A2E425F00145508 /* DirectionsTableViewController.swift */,
				CD96A6311A3E217F0008539D /* StepMapViewController.swift */,
				CD0C08F81A2E470200145508 /* LocationHelper.swift */,
				CD4652431A305B8200F4349E /* DirectionsManager.swift */,
				CD0C08DA1A2E425F00145508 /* Main.storyboard */,
				CD78CC8D1A38B3400055C98E /* GetHome-Bridging-Header.h */,
				CD0C08DF1A2E425F00145508 /* LaunchScreen.xib */,
				CD0C08D21A2E425E00145508 /* Supporting Files */,
				CD78CC8E1A38B7F00055C98E /* Images.xcassets */,
			);
			path = GetHome;
			sourceTree = "<group>";
		};
		CD0C08D21A2E425E00145508 /* Supporting Files */ = {
			isa = PBXGroup;
			children = (
				CD0C08D31A2E425E00145508 /* Info.plist */,
			);
			name = "Supporting Files";
			sourceTree = "<group>";
		};
		CD0C08E91A2E425F00145508 /* GetHomeTests */ = {
			isa = PBXGroup;
			children = (
				CD0C08EC1A2E425F00145508 /* GetHomeTests.swift */,
				CD0C08EA1A2E425F00145508 /* Supporting Files */,
			);
			path = GetHomeTests;
			sourceTree = "<group>";
		};
		CD0C08EA1A2E425F00145508 /* Supporting Files */ = {
			isa = PBXGroup;
			children = (
				CD0C08EB1A2E425F00145508 /* Info.plist */,
			);
			name = "Supporting Files";
			sourceTree = "<group>";
		};
		EAD1AB0056F1F5F13266E3BD /* Frameworks */ = {
			isa = PBXGroup;
			children = (
				A5E7269555F66FB29431E06B /* libPods.a */,
			);
			name = Frameworks;
			sourceTree = "<group>";
		};
/* End PBXGroup section */

/* Begin PBXNativeTarget section */
		CD0C08CE1A2E425E00145508 /* GetHome */ = {
			isa = PBXNativeTarget;
			buildConfigurationList = CD0C08F01A2E425F00145508 /* Build configuration list for PBXNativeTarget "GetHome" */;
			buildPhases = (
				C4F21C67AE489B9553F7DF31 /* Check Pods Manifest.lock */,
				CD0C08CB1A2E425E00145508 /* Sources */,
				CD0C08CC1A2E425E00145508 /* Frameworks */,
				CD0C08CD1A2E425E00145508 /* Resources */,
				BF178B4B55105BD83C8CCB04 /* Copy Pods Resources */,
			);
			buildRules = (
			);
			dependencies = (
			);
			name = GetHome;
			productName = GetHome;
			productReference = CD0C08CF1A2E425E00145508 /* GetHome.app */;
			productType = "com.apple.product-type.application";
		};
		CD0C08E51A2E425F00145508 /* GetHomeTests */ = {
			isa = PBXNativeTarget;
			buildConfigurationList = CD0C08F31A2E425F00145508 /* Build configuration list for PBXNativeTarget "GetHomeTests" */;
			buildPhases = (
				CD0C08E21A2E425F00145508 /* Sources */,
				CD0C08E31A2E425F00145508 /* Frameworks */,
				CD0C08E41A2E425F00145508 /* Resources */,
			);
			buildRules = (
			);
			dependencies = (
				CD0C08E81A2E425F00145508 /* PBXTargetDependency */,
			);
			name = GetHomeTests;
			productName = GetHomeTests;
			productReference = CD0C08E61A2E425F00145508 /* GetHomeTests.xctest */;
			productType = "com.apple.product-type.bundle.unit-test";
		};
/* End PBXNativeTarget section */

/* Begin PBXProject section */
		CD0C08C71A2E425E00145508 /* Project object */ = {
			isa = PBXProject;
			attributes = {
				LastUpgradeCheck = 0610;
				ORGANIZATIONNAME = "Patrick Triest";
				TargetAttributes = {
					CD0C08CE1A2E425E00145508 = {
						CreatedOnToolsVersion = 6.1;
						SystemCapabilities = {
							com.apple.Maps.iOS = {
								enabled = 1;
							};
						};
					};
					CD0C08E51A2E425F00145508 = {
						CreatedOnToolsVersion = 6.1;
						TestTargetID = CD0C08CE1A2E425E00145508;
					};
				};
			};
			buildConfigurationList = CD0C08CA1A2E425E00145508 /* Build configuration list for PBXProject "GetHome" */;
			compatibilityVersion = "Xcode 3.2";
			developmentRegion = English;
			hasScannedForEncodings = 0;
			knownRegions = (
				en,
				Base,
			);
			mainGroup = CD0C08C61A2E425E00145508;
			productRefGroup = CD0C08D01A2E425E00145508 /* Products */;
			projectDirPath = "";
			projectRoot = "";
			targets = (
				CD0C08CE1A2E425E00145508 /* GetHome */,
				CD0C08E51A2E425F00145508 /* GetHomeTests */,
			);
		};
/* End PBXProject section */

/* Begin PBXResourcesBuildPhase section */
		CD0C08CD1A2E425E00145508 /* Resources */ = {
			isa = PBXResourcesBuildPhase;
			buildActionMask = 2147483647;
			files = (
				CD78CC8F1A38B7F10055C98E /* Images.xcassets in Resources */,
				CD0C08DC1A2E425F00145508 /* Main.storyboard in Resources */,
				CD0C08E11A2E425F00145508 /* LaunchScreen.xib in Resources */,
			);
			runOnlyForDeploymentPostprocessing = 0;
		};
		CD0C08E41A2E425F00145508 /* Resources */ = {
			isa = PBXResourcesBuildPhase;
			buildActionMask = 2147483647;
			files = (
			);
			runOnlyForDeploymentPostprocessing = 0;
		};
/* End PBXResourcesBuildPhase section */

/* Begin PBXShellScriptBuildPhase section */
		BF178B4B55105BD83C8CCB04 /* Copy Pods Resources */ = {
			isa = PBXShellScriptBuildPhase;
			buildActionMask = 2147483647;
			files = (
			);
			inputPaths = (
			);
			name = "Copy Pods Resources";
			outputPaths = (
			);
			runOnlyForDeploymentPostprocessing = 0;
			shellPath = /bin/sh;
			shellScript = "\"${SRCROOT}/Pods/Target Support Files/Pods/Pods-resources.sh\"\n";
			showEnvVarsInLog = 0;
		};
		C4F21C67AE489B9553F7DF31 /* Check Pods Manifest.lock */ = {
			isa = PBXShellScriptBuildPhase;
			buildActionMask = 2147483647;
			files = (
			);
			inputPaths = (
			);
			name = "Check Pods Manifest.lock";
			outputPaths = (
			);
			runOnlyForDeploymentPostprocessing = 0;
			shellPath = /bin/sh;
			shellScript = "diff \"${PODS_ROOT}/../Podfile.lock\" \"${PODS_ROOT}/Manifest.lock\" > /dev/null\nif [[ $? != 0 ]] ; then\n    cat << EOM\nerror: The sandbox is not in sync with the Podfile.lock. Run 'pod install' or update your CocoaPods installation.\nEOM\n    exit 1\nfi\n";
			showEnvVarsInLog = 0;
		};
/* End PBXShellScriptBuildPhase section */

/* Begin PBXSourcesBuildPhase section */
		CD0C08CB1A2E425E00145508 /* Sources */ = {
			isa = PBXSourcesBuildPhase;
			buildActionMask = 2147483647;
			files = (
				CD0C08F91A2E470200145508 /* LocationHelper.swift in Sources */,
				CD96A6321A3E217F0008539D /* StepMapViewController.swift in Sources */,
				CD0C08D91A2E425F00145508 /* DirectionsTableViewController.swift in Sources */,
				CD0C08D51A2E425E00145508 /* AppDelegate.swift in Sources */,
				CD4652441A305B8200F4349E /* DirectionsManager.swift in Sources */,
				CD0C08D71A2E425E00145508 /* MapViewController.swift in Sources */,
			);
			runOnlyForDeploymentPostprocessing = 0;
		};
		CD0C08E21A2E425F00145508 /* Sources */ = {
			isa = PBXSourcesBuildPhase;
			buildActionMask = 2147483647;
			files = (
				CD0C08ED1A2E425F00145508 /* GetHomeTests.swift in Sources */,
			);
			runOnlyForDeploymentPostprocessing = 0;
		};
/* End PBXSourcesBuildPhase section */

/* Begin PBXTargetDependency section */
		CD0C08E81A2E425F00145508 /* PBXTargetDependency */ = {
			isa = PBXTargetDependency;
			target = CD0C08CE1A2E425E00145508 /* GetHome */;
			targetProxy = CD0C08E71A2E425F00145508 /* PBXContainerItemProxy */;
		};
/* End PBXTargetDependency section */

/* Begin PBXVariantGroup section */
		CD0C08DA1A2E425F00145508 /* Main.storyboard */ = {
			isa = PBXVariantGroup;
			children = (
				CD0C08DB1A2E425F00145508 /* Base */,
			);
			name = Main.storyboard;
			sourceTree = "<group>";
		};
		CD0C08DF1A2E425F00145508 /* LaunchScreen.xib */ = {
			isa = PBXVariantGroup;
			children = (
				CD0C08E01A2E425F00145508 /* Base */,
			);
			name = LaunchScreen.xib;
			sourceTree = "<group>";
		};
/* End PBXVariantGroup section */

/* Begin XCBuildConfiguration section */
		CD0C08EE1A2E425F00145508 /* Debug */ = {
			isa = XCBuildConfiguration;
			buildSettings = {
				ALWAYS_SEARCH_USER_PATHS = NO;
				CLANG_CXX_LANGUAGE_STANDARD = "gnu++0x";
				CLANG_CXX_LIBRARY = "libc++";
				CLANG_ENABLE_MODULES = YES;
				CLANG_ENABLE_OBJC_ARC = YES;
				CLANG_WARN_BOOL_CONVERSION = YES;
				CLANG_WARN_CONSTANT_CONVERSION = YES;
				CLANG_WARN_DIRECT_OBJC_ISA_USAGE = YES_ERROR;
				CLANG_WARN_EMPTY_BODY = YES;
				CLANG_WARN_ENUM_CONVERSION = YES;
				CLANG_WARN_INT_CONVERSION = YES;
				CLANG_WARN_OBJC_ROOT_CLASS = YES_ERROR;
				CLANG_WARN_UNREACHABLE_CODE = YES;
				CLANG_WARN__DUPLICATE_METHOD_MATCH = YES;
				"CODE_SIGN_IDENTITY[sdk=iphoneos*]" = "iPhone Developer";
				COPY_PHASE_STRIP = NO;
				ENABLE_STRICT_OBJC_MSGSEND = YES;
				GCC_C_LANGUAGE_STANDARD = gnu99;
				GCC_DYNAMIC_NO_PIC = NO;
				GCC_OPTIMIZATION_LEVEL = 0;
				GCC_PREPROCESSOR_DEFINITIONS = (
					"DEBUG=1",
					"$(inherited)",
				);
				GCC_SYMBOLS_PRIVATE_EXTERN = NO;
				GCC_WARN_64_TO_32_BIT_CONVERSION = YES;
				GCC_WARN_ABOUT_RETURN_TYPE = YES_ERROR;
				GCC_WARN_UNDECLARED_SELECTOR = YES;
				GCC_WARN_UNINITIALIZED_AUTOS = YES_AGGRESSIVE;
				GCC_WARN_UNUSED_FUNCTION = YES;
				GCC_WARN_UNUSED_VARIABLE = YES;
				IPHONEOS_DEPLOYMENT_TARGET = 7.0;
				MTL_ENABLE_DEBUG_INFO = YES;
				ONLY_ACTIVE_ARCH = YES;
				SDKROOT = iphoneos;
				SWIFT_OPTIMIZATION_LEVEL = "-Onone";
				TARGETED_DEVICE_FAMILY = "1,2";
			};
			name = Debug;
		};
		CD0C08EF1A2E425F00145508 /* Release */ = {
			isa = XCBuildConfiguration;
			buildSettings = {
				ALWAYS_SEARCH_USER_PATHS = NO;
				CLANG_CXX_LANGUAGE_STANDARD = "gnu++0x";
				CLANG_CXX_LIBRARY = "libc++";
				CLANG_ENABLE_MODULES = YES;
				CLANG_ENABLE_OBJC_ARC = YES;
				CLANG_WARN_BOOL_CONVERSION = YES;
				CLANG_WARN_CONSTANT_CONVERSION = YES;
				CLANG_WARN_DIRECT_OBJC_ISA_USAGE = YES_ERROR;
				CLANG_WARN_EMPTY_BODY = YES;
				CLANG_WARN_ENUM_CONVERSION = YES;
				CLANG_WARN_INT_CONVERSION = YES;
				CLANG_WARN_OBJC_ROOT_CLASS = YES_ERROR;
				CLANG_WARN_UNREACHABLE_CODE = YES;
				CLANG_WARN__DUPLICATE_METHOD_MATCH = YES;
				"CODE_SIGN_IDENTITY[sdk=iphoneos*]" = "iPhone Developer";
				COPY_PHASE_STRIP = YES;
				ENABLE_NS_ASSERTIONS = NO;
				ENABLE_STRICT_OBJC_MSGSEND = YES;
				GCC_C_LANGUAGE_STANDARD = gnu99;
				GCC_WARN_64_TO_32_BIT_CONVERSION = YES;
				GCC_WARN_ABOUT_RETURN_TYPE = YES_ERROR;
				GCC_WARN_UNDECLARED_SELECTOR = YES;
				GCC_WARN_UNINITIALIZED_AUTOS = YES_AGGRESSIVE;
				GCC_WARN_UNUSED_FUNCTION = YES;
				GCC_WARN_UNUSED_VARIABLE = YES;
				IPHONEOS_DEPLOYMENT_TARGET = 7.0;
				MTL_ENABLE_DEBUG_INFO = NO;
				SDKROOT = iphoneos;
				TARGETED_DEVICE_FAMILY = "1,2";
				VALIDATE_PRODUCT = YES;
			};
			name = Release;
		};
		CD0C08F11A2E425F00145508 /* Debug */ = {
			isa = XCBuildConfiguration;
			baseConfigurationReference = D061F1FF6C8B29C494E7A0D9 /* Pods.debug.xcconfig */;
			buildSettings = {
				ASSETCATALOG_COMPILER_APPICON_NAME = AppIcon;
				INFOPLIST_FILE = GetHome/Info.plist;
				IPHONEOS_DEPLOYMENT_TARGET = 8.1;
				LD_RUNPATH_SEARCH_PATHS = "$(inherited) @executable_path/Frameworks";
				PRODUCT_NAME = "$(TARGET_NAME)";
				SWIFT_OBJC_BRIDGING_HEADER = "/Users/patrick/Development/iOS/GetHome/GetHome/GetHome-Bridging-Header.h";
				TARGETED_DEVICE_FAMILY = 1;
			};
			name = Debug;
		};
		CD0C08F21A2E425F00145508 /* Release */ = {
			isa = XCBuildConfiguration;
			baseConfigurationReference = 33C12674466BB6A6CEE015C8 /* Pods.release.xcconfig */;
			buildSettings = {
				ASSETCATALOG_COMPILER_APPICON_NAME = AppIcon;
				INFOPLIST_FILE = GetHome/Info.plist;
				IPHONEOS_DEPLOYMENT_TARGET = 8.1;
				LD_RUNPATH_SEARCH_PATHS = "$(inherited) @executable_path/Frameworks";
				PRODUCT_NAME = "$(TARGET_NAME)";
				SWIFT_OBJC_BRIDGING_HEADER = "/Users/patrick/Development/iOS/GetHome/GetHome/GetHome-Bridging-Header.h";
				TARGETED_DEVICE_FAMILY = 1;
			};
			name = Release;
		};
		CD0C08F41A2E425F00145508 /* Debug */ = {
			isa = XCBuildConfiguration;
			buildSettings = {
				BUNDLE_LOADER = "$(TEST_HOST)";
				FRAMEWORK_SEARCH_PATHS = (
					"$(SDKROOT)/Developer/Library/Frameworks",
					"$(inherited)",
				);
				GCC_PREPROCESSOR_DEFINITIONS = (
					"DEBUG=1",
					"$(inherited)",
				);
				INFOPLIST_FILE = GetHomeTests/Info.plist;
				LD_RUNPATH_SEARCH_PATHS = "$(inherited) @executable_path/Frameworks @loader_path/Frameworks";
				PRODUCT_NAME = "$(TARGET_NAME)";
				TEST_HOST = "$(BUILT_PRODUCTS_DIR)/GetHome.app/GetHome";
			};
			name = Debug;
		};
		CD0C08F51A2E425F00145508 /* Release */ = {
			isa = XCBuildConfiguration;
			buildSettings = {
				BUNDLE_LOADER = "$(TEST_HOST)";
				FRAMEWORK_SEARCH_PATHS = (
					"$(SDKROOT)/Developer/Library/Frameworks",
					"$(inherited)",
				);
				INFOPLIST_FILE = GetHomeTests/Info.plist;
				LD_RUNPATH_SEARCH_PATHS = "$(inherited) @executable_path/Frameworks @loader_path/Frameworks";
				PRODUCT_NAME = "$(TARGET_NAME)";
				TEST_HOST = "$(BUILT_PRODUCTS_DIR)/GetHome.app/GetHome";
			};
			name = Release;
		};
/* End XCBuildConfiguration section */

/* Begin XCConfigurationList section */
		CD0C08CA1A2E425E00145508 /* Build configuration list for PBXProject "GetHome" */ = {
			isa = XCConfigurationList;
			buildConfigurations = (
				CD0C08EE1A2E425F00145508 /* Debug */,
				CD0C08EF1A2E425F00145508 /* Release */,
			);
			defaultConfigurationIsVisible = 0;
			defaultConfigurationName = Release;
		};
		CD0C08F01A2E425F00145508 /* Build configuration list for PBXNativeTarget "GetHome" */ = {
			isa = XCConfigurationList;
			buildConfigurations = (
				CD0C08F11A2E425F00145508 /* Debug */,
				CD0C08F21A2E425F00145508 /* Release */,
			);
			defaultConfigurationIsVisible = 0;
			defaultConfigurationName = Release;
		};
		CD0C08F31A2E425F00145508 /* Build configuration list for PBXNativeTarget "GetHomeTests" */ = {
			isa = XCConfigurationList;
			buildConfigurations = (
				CD0C08F41A2E425F00145508 /* Debug */,
				CD0C08F51A2E425F00145508 /* Release */,
			);
			defaultConfigurationIsVisible = 0;
			defaultConfigurationName = Release;
		};
/* End XCConfigurationList section */
	};
	rootObject = CD0C08C71A2E425E00145508 /* Project object */;
}
